
Microsoft Visual Studio Solution File, Format Version 12.00
# Visual Studio 14
VisualStudioVersion = 14.0.23107.0
MinimumVisualStudioVersion = 10.0.40219.1
Project("{8BC9CEB8-8B4A-11D0-8D11-00A0C91BC942}") = "DllInject", "DllInject\DllInject.vcxproj", "{74543B5E-BB24-4018-B65B-F82D2752958E}"
EndProject
Global
	GlobalSection(SolutionConfigurationPlatforms) = preSolution
		Debug|x64 = Debug|x64
		Debug|x86 = Debug|x86
		Release|x64 = Release|x64
		Release|x86 = Release|x86
	EndGlobalSection
	GlobalSection(ProjectConfigurationPlatforms) = postSolution
		{74543B5E-BB24-4018-B65B-F82D2752958E}.Debug|x64.ActiveCfg = Debug|x64
		{74543B5E-BB24-4018-B65B-F82D2752958E}.Debug|x64.Build.0 = Debug|x64
		{74543B5E-BB24-4018-B65B-F82D2752958E}.Debug|x86.ActiveCfg = Release|Win32
		{74543B5E-BB24-4018-B65B-F82D2752958E}.Debug|x86.Build.0 = Release|Win32
		{74543B5E-BB24-4018-B65B-F82D2752958E}.Release|x64.ActiveCfg = Release|x64
		{74543B5E-BB24-4018-B65B-F82D2752958E}.Release|x64.Build.0 = Release|x64
		{74543B5E-BB24-4018-B65B-F82D2752958E}.Release|x86.ActiveCfg = Release|Win32
		{74543B5E-BB24-4018-B65B-F82D2752958E}.Release|x86.Build.0 = Release|Win32
	EndGlobalSection
	GlobalSection(SolutionProperties) = preSolution
		HideSolutionNode = FALSE
	EndGlobalSection
EndGlobal
